dependencies:
  aw9523b:
    component_hash: 7374ef9fee7b9aa1caf9424620404226ea4cf7e64c1fb5e922e108669d4efc7b
    dependencies:
    - name: idf
      version: '>=5.3'
    source:
      git: https://github.com/benvonhandorf/esp_components.git
      path: aw9523b
      type: git
    version: c7c244b1fc67d3b590ea2b68134d6282cc37ea7f
  cli:
    component_hash: fc095719558e45ba4f3fdacab5c4b6a64d9053bf3feafe8c2abbad0b1f39a314
    dependencies:
    - name: idf
      version: '>=5.0'
    - git: https://github.com/benvonhandorf/esp_components.git
      name: diag
      path: diag
      version: diag-v0.1.0
    source:
      git: https://github.com/benvonhandorf/esp_components.git
      path: cli
      type: git
    version: c6127f64c68c5ae888d8292c707327186a668d7d
  cli_web:
    component_hash: be14693f5f056e49c66881dd42f5e867aa2d0efd5dcadfdac796376f318673d8
    dependencies:
    - name: idf
      version: '>=5.0'
    - git: https://github.com/benvonhandorf/esp_components.git
      name: cli
      path: cli
      version: cli-v0.2.0
    - git: https://github.com/benvonhandorf/esp_components.git
      name: diag
      path: diag
      version: diag-v0.1.0
    source:
      git: https://github.com/benvonhandorf/esp_components.git
      path: cli_web
      type: git
    version: 6d15b4fe72f3b4340ebd357d5849aa9f6883c5df
  config_store:
    component_hash: ea578a7d14204ada91876d51ef1c701e0e3eecb134268bd0aba129b4305ee8ea
    dependencies:
    - name: idf
      version: '>=5.0'
    source:
      git: https://github.com/benvonhandorf/esp_components.git
      path: config_store
      type: git
    version: c7c244b1fc67d3b590ea2b68134d6282cc37ea7f
  diag:
    component_hash: 7b26adfefae0a88fe555bd0d72f8c8adb532d643d302db574533d6f1334da6f5
    dependencies:
    - name: idf
      version: '>=5.0'
    source:
      git: https://github.com/benvonhandorf/esp_components.git
      path: diag
      type: git
    version: c7c244b1fc67d3b590ea2b68134d6282cc37ea7f
  espressif/iperf:
    component_hash: 9c95e1c897e9bce78a811682041a284ce22dac888fb61c3988867d5cb09b5961
    dependencies:
    - name: idf
      require: private
      version: '>=4.3'
    source:
      registry_url: https://components.espressif.com
      type: service
    version: 1.0.3
  espressif/iperf-cmd:
    component_hash: ac7c2fe10545367f79c3a10d72bcd497cc0d626e6424786c1a433b3538ee0327
    dependencies:
    - name: espressif/iperf
      registry_url: https://components.espressif.com
      require: private
      version: =1.0.3
    - name: idf
      require: private
      version: '>=4.3'
    source:
      registry_url: https://components.espressif.com/
      type: service
    version: 1.0.3
  espressif/mdns:
    component_hash: e81ca7a7f53ea34e78274df054da692c272e1315572876b237b1748e267c013b
    dependencies:
    - name: idf
      require: private
      version: '>=5.0'
    source:
      registry_url: https://components.espressif.com/
      type: service
    version: 1.11.3
  espressif/mqtt:
    component_hash: fb18bc3b65aa8c94693a9811ffc322cca8a65d92d5ec84983d3e385080e3969c
    dependencies:
    - name: idf
      require: private
      version: '>=5.3'
    source:
      registry_url: https://components.espressif.com/
      type: service
    version: 1.1.0
  http_server:
    component_hash: 6b402f4d3696f1758b1ce94a81ff3ca2f41601b35ed93f629f4a5eb49c7bcd59
    dependencies:
    - name: idf
      version: '>=5.0'
    - git: https://github.com/benvonhandorf/esp_components.git
      name: js2c
      path: js2c
      version: js2c-v0.1.0
    - git: https://github.com/benvonhandorf/esp_components.git
      name: net_events
      path: net_events
      version: net_events-v0.1.0
    source:
      git: https://github.com/benvonhandorf/esp_components.git
      path: http_server
      type: git
    version: 797367f3d286b6727c3793bd515dfa2928028dc5
  hx711:
    component_hash: 6c0d29eed573a3d942c0f359e5216576f6c0a5c8c84ed9a2dd2325884d41a4b2
    dependencies:
    - name: idf
      version: '>=5.3'
    source:
      git: https://github.com/benvonhandorf/esp_components.git
      path: hx711
      type: git
    version: c7c244b1fc67d3b590ea2b68134d6282cc37ea7f
  idf:
    source:
      type: idf
    version: 6.0.2
  ina219:
    component_hash: 7f6245eee604aee1bbce009f52b56c2760d59f925672509d215d14b042d7969b
    dependencies:
    - name: idf
      version: '>=5.3'
    source:
      git: https://github.com/benvonhandorf/esp_components.git
      path: ina219
      type: git
    version: c7c244b1fc67d3b590ea2b68134d6282cc37ea7f
  ina226:
    component_hash: 36d36c98c900e405f0355c9938f536570f8a1f0abe9d55a9bceda81368489e0b
    dependencies:
    - name: idf
      version: '>=5.3'
    source:
      git: https://github.com/benvonhandorf/esp_components.git
      path: ina226
      type: git
    version: c7c244b1fc67d3b590ea2b68134d6282cc37ea7f
  ina237:
    component_hash: 214c060c068d5ae041031a6e2af04b20c5e2ff5a0a4ad1d9c040d39882b4f6b6
    dependencies:
    - name: idf
      version: '>=5.3'
    source:
      git: https://github.com/benvonhandorf/esp_components.git
      path: ina237
      type: git
    version: c7c244b1fc67d3b590ea2b68134d6282cc37ea7f
  joltwallet/littlefs:
    component_hash: 3af20a3d75c49db9dc2286fd50862c34055c9f578419ad1f2bf7ed3ed01391fe
    dependencies:
    - name: idf
      require: private
      version: '>=5.0'
    source:
      registry_url: https://components.espressif.com/
      type: service
    version: 1.22.3
  js2c:
    component_hash: 29f3210fb356397915316e92e3008d454958d6e110fd509aecc36773bb7dd0a1
    dependencies:
    - name: idf
      version: '>=5.0'
    source:
      git: https://github.com/benvonhandorf/esp_components.git
      path: js2c
      type: git
    version: c7c244b1fc67d3b590ea2b68134d6282cc37ea7f
  lm75bdp:
    component_hash: e3b041d16603ae2d84d85b1c97b31157f739cd588d898044079580e38f15b0e4
    dependencies:
    - name: idf
      version: '>=5.3'
    source:
      git: https://github.com/benvonhandorf/esp_components.git
      path: lm75bdp
      type: git
    version: c7c244b1fc67d3b590ea2b68134d6282cc37ea7f
  mdns_manager:
    component_hash: 4640cfab8f7ae303eb6d8c68a998a876c733afb7c184d899c1b7c38d33c5c21d
    dependencies:
    - name: idf
      version: '>=5.0'
    - name: espressif/mdns
      version: ^1.8
    - git: https://github.com/benvonhandorf/esp_components.git
      name: net_events
      path: net_events
      version: net_events-v0.1.0
    source:
      git: https://github.com/benvonhandorf/esp_components.git
      path: mdns_manager
      type: git
    version: c7c244b1fc67d3b590ea2b68134d6282cc37ea7f
  mqtt_manager:
    component_hash: 769ccd1c120b59919a1c6cc60253cc072be687010a1514f41df093c16e4e597b
    dependencies:
    - name: idf
      version: '>=5.0'
    - name: espressif/mqtt
      version: ^1.0
    - git: https://github.com/benvonhandorf/esp_components.git
      name: js2c
      path: js2c
      version: js2c-v0.1.0
    - git: https://github.com/benvonhandorf/esp_components.git
      name: net_events
      path: net_events
      version: net_events-v0.1.0
    - git: https://github.com/benvonhandorf/esp_components.git
      name: diag
      path: diag
      version: diag-v0.1.0
    source:
      git: https://github.com/benvonhandorf/esp_components.git
      path: mqtt_manager
      type: git
    version: c7c244b1fc67d3b590ea2b68134d6282cc37ea7f
  nau7802:
    component_hash: 051f2402ae90595d5697155808be25c8e57bc7b589866742d2208667e2b5c2fa
    dependencies:
    - name: idf
      version: '>=5.3'
    source:
      git: https://github.com/benvonhandorf/esp_components.git
      path: nau7802
      type: git
    version: c7c244b1fc67d3b590ea2b68134d6282cc37ea7f
  net_events:
    component_hash: aeb8b133576349c7acf96cc8b125299bdd9f4e5d22a52d73762ea0a40544162c
    dependencies:
    - name: idf
      version: '>=5.0'
    source:
      git: https://github.com/benvonhandorf/esp_components.git
      path: net_events
      type: git
    version: c7c244b1fc67d3b590ea2b68134d6282cc37ea7f
  ntp_manager:
    component_hash: fcc72da531bea96f3a2cfbbf1478a877b16bcb32599822b0a60bad82ba362930
    dependencies:
    - name: idf
      version: '>=5.0'
    - git: https://github.com/benvonhandorf/esp_components.git
      name: js2c
      path: js2c
      version: js2c-v0.1.0
    - git: https://github.com/benvonhandorf/esp_components.git
      name: net_events
      path: net_events
      version: net_events-v0.1.0
    source:
      git: https://github.com/benvonhandorf/esp_components.git
      path: ntp_manager
      type: git
    version: 4ccc94ca74775fc5b0585ed60560f345303f878c
  ota:
    component_hash: d3039d5bc7c0e9637388df7cf775bab2f10425d989d77fa3e1247889662c786f
    dependencies:
    - name: idf
      version: '>=5.0'
    - git: https://github.com/benvonhandorf/esp_components.git
      name: http_server
      path: http_server
      version: http_server-v0.1.0
    source:
      git: https://github.com/benvonhandorf/esp_components.git
      path: ota
      type: git
    version: c7c244b1fc67d3b590ea2b68134d6282cc37ea7f
  pi4ioe5v6408:
    component_hash: 188ccfaf9e1b7896eef75975a100d3654613f607bb5861e7d834dd46fb4ec809
    dependencies:
    - name: idf
      version: '>=5.3'
    source:
      git: https://github.com/benvonhandorf/esp_components.git
      path: pi4ioe5v6408
      type: git
    version: c7c244b1fc67d3b590ea2b68134d6282cc37ea7f
  rx8130ce:
    component_hash: b8516c3608ce966d907cd0eaba280c567e6c6fc43e44a0fedd70dbde357923bb
    dependencies:
    - name: idf
      version: '>=5.3'
    source:
      git: https://github.com/benvonhandorf/esp_components.git
      path: rx8130ce
      type: git
    version: c7c244b1fc67d3b590ea2b68134d6282cc37ea7f
  sht4x:
    component_hash: 70b2c82ed00b0e0554aef2b7bf753733be9a991b1d685418dfdc3ec7193cd307
    dependencies:
    - name: idf
      version: '>=5.3'
    source:
      git: https://github.com/benvonhandorf/esp_components.git
      path: sht4x
      type: git
    version: c7c244b1fc67d3b590ea2b68134d6282cc37ea7f
  wifi_manager:
    component_hash: a0111a15572c6948a5664a4115e38912144493e5b699c5280758d89640c9d65b
    dependencies:
    - name: idf
      version: '>=5.0'
    - git: https://github.com/benvonhandorf/esp_components.git
      name: js2c
      path: js2c
      version: js2c-v0.1.0
    - git: https://github.com/benvonhandorf/esp_components.git
      name: net_events
      path: net_events
      version: net_events-v0.1.0
    source:
      git: https://github.com/benvonhandorf/esp_components.git
      path: wifi_manager
      type: git
    version: 0a21ed6de344d6fe7589ae316f19cf63bfca8f35
direct_dependencies:
- aw9523b
- cli
- cli_web
- config_store
- diag
- espressif/iperf-cmd
- http_server
- hx711
- idf
- ina219
- ina226
- ina237
- joltwallet/littlefs
- js2c
- lm75bdp
- mdns_manager
- mqtt_manager
- nau7802
- net_events
- ntp_manager
- ota
- pi4ioe5v6408
- rx8130ce
- sht4x
- wifi_manager
manifest_hash: e8ae115da9919965416fe970492c9b72f405c1f3937ec943f96c8801b6d99b32
target: esp32c3
version: 3.0.0
