dependencies:
  cli:
    dependencies: []
    source:
      path: ../esp_components/cli
      type: local
    version: 0.1.0
  diag:
    dependencies: []
    source:
      path: ../esp_components/diag
      type: local
    version: 0.1.0
  espressif/mdns:
    component_hash: e81ca7a7f53ea34e78274df054da692c272e1315572876b237b1748e267c013b
    dependencies:
    - name: idf
      require: private
      version: '>=5.0'
    source:
      registry_url: https://components.espressif.com/
      type: service
    version: 1.11.3
  espressif/mqtt:
    component_hash: fb18bc3b65aa8c94693a9811ffc322cca8a65d92d5ec84983d3e385080e3969c
    dependencies:
    - name: idf
      require: private
      version: '>=5.3'
    source:
      registry_url: https://components.espressif.com/
      type: service
    version: 1.1.0
  http_server:
    dependencies: []
    source:
      path: ../esp_components/http_server
      type: local
    version: 0.1.0
  idf:
    source:
      type: idf
    version: 6.0.2
  joltwallet/littlefs:
    component_hash: 3af20a3d75c49db9dc2286fd50862c34055c9f578419ad1f2bf7ed3ed01391fe
    dependencies:
    - name: idf
      require: private
      version: '>=5.0'
    source:
      registry_url: https://components.espressif.com/
      type: service
    version: 1.22.3
  js2c:
    dependencies: []
    source:
      path: ../esp_components/js2c
      type: local
    version: 0.1.0
  net_events:
    dependencies: []
    source:
      path: ../esp_components/net_events
      type: local
    version: 0.1.0
direct_dependencies:
- cli
- diag
- espressif/mdns
- espressif/mqtt
- http_server
- idf
- joltwallet/littlefs
- js2c
- net_events
manifest_hash: 68a1ef107c120f7bbebdcf2ed91d5f3626159e8ecb38b6bf1a8b0bfdc16c84be
target: esp32s3
version: 3.0.0
